
Microsoft Visual Studio Solution File, Format Version 12.00
# Visual Studio Version 17
VisualStudioVersion = 17.13.35931.197
MinimumVisualStudioVersion = 10.0.40219.1
Project("{FAE04EC0-301F-11D3-BF4B-00C04F79EFBC}") = "SEMANA3", "SEMANA3\SEMANA3.csproj", "{589D72D3-672B-4F8B-BA3D-5D0ECF7A42BD}"
EndProject
Project("{FAE04EC0-301F-11D3-BF4B-00C04F79EFBC}") = "SEMANA4", "SEMANA4\SEMANA4.csproj", "{48376FC0-1E9E-4B67-93E3-5E43E9531B2A}"
EndProject
Project("{FAE04EC0-301F-11D3-BF4B-00C04F79EFBC}") = "SEMANA 7", "SEMANA 7\SEMANA 7\SEMANA 7.csproj", "{772769D3-CC21-4B88-B448-E775CF0E6389}"
EndProject
Project("{FAE04EC0-301F-11D3-BF4B-00C04F79EFBC}") = "SEMANA 6", "SEMANA 6\SEMANA 6.csproj", "{D82756AC-49FE-4DA1-A9E5-0DD062532A9D}"
EndProject
Project("{FAE04EC0-301F-11D3-BF4B-00C04F79EFBC}") = "Estructura FOR", "Estructura FOR\Estructura FOR.csproj", "{9257126C-513C-4BB5-B074-1AB1902B5713}"
EndProject
Project("{FAE04EC0-301F-11D3-BF4B-00C04F79EFBC}") = "ESTRUCTURA DO WHILE", "ESTRUCTURA DO WHILE\ESTRUCTURA DO WHILE.csproj", "{C6E2392D-B63C-4085-9B4D-EE895210D0FF}"
EndProject
Project("{FAE04EC0-301F-11D3-BF4B-00C04F79EFBC}") = "Semana 9", "Semana 9\Semana 9.csproj", "{6B46CFFF-8F38-4DC3-AD19-3BEE707669A6}"
EndProject
Project("{FAE04EC0-301F-11D3-BF4B-00C04F79EFBC}") = "Semana 9.1 Funcion", "Semana 9.1\Semana 9.1 Funcion.csproj", "{9E580749-903B-4043-9E13-65DAA8425ADF}"
EndProject
Project("{FAE04EC0-301F-11D3-BF4B-00C04F79EFBC}") = "Semana 9.2 Funcion", "Semana 9.2 Funcion\Semana 9.2 Funcion.csproj", "{5329D759-A204-4600-A216-2F1E16D64C60}"
EndProject
Project("{FAE04EC0-301F-11D3-BF4B-00C04F79EFBC}") = "Semana 9.3 EJ1", "Semana 9.3 EJERCICIO\Semana 9.3 EJ1.csproj", "{E3B6316E-79E2-4855-8E75-84F060A48798}"
EndProject
Project("{FAE04EC0-301F-11D3-BF4B-00C04F79EFBC}") = "Semana 8 PRACTICA", "Semana 8 PRACTICA\Semana 8 PRACTICA.csproj", "{1E1A34EF-B425-4EA4-B548-71A1D8F4090D}"
EndProject
Project("{FAE04EC0-301F-11D3-BF4B-00C04F79EFBC}") = "Semana 9.4 EJ2", "Semana 9.4 EJ2\Semana 9.4 EJ2.csproj", "{586F7E6C-CFA1-4B3B-BBAA-433F2D10EE05}"
EndProject
Project("{FAE04EC0-301F-11D3-BF4B-00C04F79EFBC}") = "Biblioteca_PRACTICA", "Biblioteca PRACTICA\Biblioteca_PRACTICA.csproj", "{BB480540-79A1-4279-AF81-5812CE21FBBD}"
EndProject
Project("{FAE04EC0-301F-11D3-BF4B-00C04F79EFBC}") = "Semana 10", "Semana 10\Semana 10.csproj", "{7AAD072A-709D-4464-8E6E-2A418710FAF6}"
EndProject
Project("{FAE04EC0-301F-11D3-BF4B-00C04F79EFBC}") = "Semana 11 ARREGLOS UNIDIMENSIONALES (Teoría)", "Semana 11 ARREGLOS UNIDIMENSIONALES (Teoría)\Semana 11 ARREGLOS UNIDIMENSIONALES (Teoría).csproj", "{3431EFC1-34BD-4377-BE22-33ABD34FD40A}"
EndProject
Project("{FAE04EC0-301F-11D3-BF4B-00C04F79EFBC}") = "Semana 11 Ejercicio 2", "Semana 11 Ejercicio 2\Semana 11 Ejercicio 2.csproj", "{AE247C00-11A4-4F09-BDEC-36AFAFDB6234}"
EndProject
Project("{FAE04EC0-301F-11D3-BF4B-00C04F79EFBC}") = "Semana 11 Ejercicio 3", "Semana 11 Ejercicio 3\Semana 11 Ejercicio 3.csproj", "{9620822A-03FF-45BA-B8F9-8D324D33FAAF}"
EndProject
Project("{FAE04EC0-301F-11D3-BF4B-00C04F79EFBC}") = "huevadas", "huevadas\huevadas.csproj", "{23A111F6-B96E-4876-8654-63A61D3C09E8}"
EndProject
Project("{FAE04EC0-301F-11D3-BF4B-00C04F79EFBC}") = "Semana 11 PRACTICA", "Semana 11 PRACTICA\Semana 11 PRACTICA.csproj", "{30D58577-2497-4681-9695-58415AA1C2A2}"
EndProject
Global
	GlobalSection(SolutionConfigurationPlatforms) = preSolution
		Debug|Any CPU = Debug|Any CPU
		Release|Any CPU = Release|Any CPU
	EndGlobalSection
	GlobalSection(ProjectConfigurationPlatforms) = postSolution
		{589D72D3-672B-4F8B-BA3D-5D0ECF7A42BD}.Debug|Any CPU.ActiveCfg = Debug|Any CPU
		{589D72D3-672B-4F8B-BA3D-5D0ECF7A42BD}.Debug|Any CPU.Build.0 = Debug|Any CPU
		{589D72D3-672B-4F8B-BA3D-5D0ECF7A42BD}.Release|Any CPU.ActiveCfg = Release|Any CPU
		{589D72D3-672B-4F8B-BA3D-5D0ECF7A42BD}.Release|Any CPU.Build.0 = Release|Any CPU
		{48376FC0-1E9E-4B67-93E3-5E43E9531B2A}.Debug|Any CPU.ActiveCfg = Debug|Any CPU
		{48376FC0-1E9E-4B67-93E3-5E43E9531B2A}.Debug|Any CPU.Build.0 = Debug|Any CPU
		{48376FC0-1E9E-4B67-93E3-5E43E9531B2A}.Release|Any CPU.ActiveCfg = Release|Any CPU
		{48376FC0-1E9E-4B67-93E3-5E43E9531B2A}.Release|Any CPU.Build.0 = Release|Any CPU
		{772769D3-CC21-4B88-B448-E775CF0E6389}.Debug|Any CPU.ActiveCfg = Debug|Any CPU
		{772769D3-CC21-4B88-B448-E775CF0E6389}.Debug|Any CPU.Build.0 = Debug|Any CPU
		{772769D3-CC21-4B88-B448-E775CF0E6389}.Release|Any CPU.ActiveCfg = Release|Any CPU
		{772769D3-CC21-4B88-B448-E775CF0E6389}.Release|Any CPU.Build.0 = Release|Any CPU
		{D82756AC-49FE-4DA1-A9E5-0DD062532A9D}.Debug|Any CPU.ActiveCfg = Debug|Any CPU
		{D82756AC-49FE-4DA1-A9E5-0DD062532A9D}.Debug|Any CPU.Build.0 = Debug|Any CPU
		{D82756AC-49FE-4DA1-A9E5-0DD062532A9D}.Release|Any CPU.ActiveCfg = Release|Any CPU
		{D82756AC-49FE-4DA1-A9E5-0DD062532A9D}.Release|Any CPU.Build.0 = Release|Any CPU
		{9257126C-513C-4BB5-B074-1AB1902B5713}.Debug|Any CPU.ActiveCfg = Debug|Any CPU
		{9257126C-513C-4BB5-B074-1AB1902B5713}.Debug|Any CPU.Build.0 = Debug|Any CPU
		{9257126C-513C-4BB5-B074-1AB1902B5713}.Release|Any CPU.ActiveCfg = Release|Any CPU
		{9257126C-513C-4BB5-B074-1AB1902B5713}.Release|Any CPU.Build.0 = Release|Any CPU
		{C6E2392D-B63C-4085-9B4D-EE895210D0FF}.Debug|Any CPU.ActiveCfg = Debug|Any CPU
		{C6E2392D-B63C-4085-9B4D-EE895210D0FF}.Debug|Any CPU.Build.0 = Debug|Any CPU
		{C6E2392D-B63C-4085-9B4D-EE895210D0FF}.Release|Any CPU.ActiveCfg = Release|Any CPU
		{C6E2392D-B63C-4085-9B4D-EE895210D0FF}.Release|Any CPU.Build.0 = Release|Any CPU
		{6B46CFFF-8F38-4DC3-AD19-3BEE707669A6}.Debug|Any CPU.ActiveCfg = Debug|Any CPU
		{6B46CFFF-8F38-4DC3-AD19-3BEE707669A6}.Debug|Any CPU.Build.0 = Debug|Any CPU
		{6B46CFFF-8F38-4DC3-AD19-3BEE707669A6}.Release|Any CPU.ActiveCfg = Release|Any CPU
		{6B46CFFF-8F38-4DC3-AD19-3BEE707669A6}.Release|Any CPU.Build.0 = Release|Any CPU
		{9E580749-903B-4043-9E13-65DAA8425ADF}.Debug|Any CPU.ActiveCfg = Debug|Any CPU
		{9E580749-903B-4043-9E13-65DAA8425ADF}.Debug|Any CPU.Build.0 = Debug|Any CPU
		{9E580749-903B-4043-9E13-65DAA8425ADF}.Release|Any CPU.ActiveCfg = Release|Any CPU
		{9E580749-903B-4043-9E13-65DAA8425ADF}.Release|Any CPU.Build.0 = Release|Any CPU
		{5329D759-A204-4600-A216-2F1E16D64C60}.Debug|Any CPU.ActiveCfg = Debug|Any CPU
		{5329D759-A204-4600-A216-2F1E16D64C60}.Debug|Any CPU.Build.0 = Debug|Any CPU
		{5329D759-A204-4600-A216-2F1E16D64C60}.Release|Any CPU.ActiveCfg = Release|Any CPU
		{5329D759-A204-4600-A216-2F1E16D64C60}.Release|Any CPU.Build.0 = Release|Any CPU
		{E3B6316E-79E2-4855-8E75-84F060A48798}.Debug|Any CPU.ActiveCfg = Debug|Any CPU
		{E3B6316E-79E2-4855-8E75-84F060A48798}.Debug|Any CPU.Build.0 = Debug|Any CPU
		{E3B6316E-79E2-4855-8E75-84F060A48798}.Release|Any CPU.ActiveCfg = Release|Any CPU
		{E3B6316E-79E2-4855-8E75-84F060A48798}.Release|Any CPU.Build.0 = Release|Any CPU
		{1E1A34EF-B425-4EA4-B548-71A1D8F4090D}.Debug|Any CPU.ActiveCfg = Debug|Any CPU
		{1E1A34EF-B425-4EA4-B548-71A1D8F4090D}.Debug|Any CPU.Build.0 = Debug|Any CPU
		{1E1A34EF-B425-4EA4-B548-71A1D8F4090D}.Release|Any CPU.ActiveCfg = Release|Any CPU
		{1E1A34EF-B425-4EA4-B548-71A1D8F4090D}.Release|Any CPU.Build.0 = Release|Any CPU
		{586F7E6C-CFA1-4B3B-BBAA-433F2D10EE05}.Debug|Any CPU.ActiveCfg = Debug|Any CPU
		{586F7E6C-CFA1-4B3B-BBAA-433F2D10EE05}.Debug|Any CPU.Build.0 = Debug|Any CPU
		{586F7E6C-CFA1-4B3B-BBAA-433F2D10EE05}.Release|Any CPU.ActiveCfg = Release|Any CPU
		{586F7E6C-CFA1-4B3B-BBAA-433F2D10EE05}.Release|Any CPU.Build.0 = Release|Any CPU
		{BB480540-79A1-4279-AF81-5812CE21FBBD}.Debug|Any CPU.ActiveCfg = Debug|Any CPU
		{BB480540-79A1-4279-AF81-5812CE21FBBD}.Debug|Any CPU.Build.0 = Debug|Any CPU
		{BB480540-79A1-4279-AF81-5812CE21FBBD}.Release|Any CPU.ActiveCfg = Release|Any CPU
		{BB480540-79A1-4279-AF81-5812CE21FBBD}.Release|Any CPU.Build.0 = Release|Any CPU
		{7AAD072A-709D-4464-8E6E-2A418710FAF6}.Debug|Any CPU.ActiveCfg = Debug|Any CPU
		{7AAD072A-709D-4464-8E6E-2A418710FAF6}.Debug|Any CPU.Build.0 = Debug|Any CPU
		{7AAD072A-709D-4464-8E6E-2A418710FAF6}.Release|Any CPU.ActiveCfg = Release|Any CPU
		{7AAD072A-709D-4464-8E6E-2A418710FAF6}.Release|Any CPU.Build.0 = Release|Any CPU
		{3431EFC1-34BD-4377-BE22-33ABD34FD40A}.Debug|Any CPU.ActiveCfg = Debug|Any CPU
		{3431EFC1-34BD-4377-BE22-33ABD34FD40A}.Debug|Any CPU.Build.0 = Debug|Any CPU
		{3431EFC1-34BD-4377-BE22-33ABD34FD40A}.Release|Any CPU.ActiveCfg = Release|Any CPU
		{3431EFC1-34BD-4377-BE22-33ABD34FD40A}.Release|Any CPU.Build.0 = Release|Any CPU
		{AE247C00-11A4-4F09-BDEC-36AFAFDB6234}.Debug|Any CPU.ActiveCfg = Debug|Any CPU
		{AE247C00-11A4-4F09-BDEC-36AFAFDB6234}.Debug|Any CPU.Build.0 = Debug|Any CPU
		{AE247C00-11A4-4F09-BDEC-36AFAFDB6234}.Release|Any CPU.ActiveCfg = Release|Any CPU
		{AE247C00-11A4-4F09-BDEC-36AFAFDB6234}.Release|Any CPU.Build.0 = Release|Any CPU
		{9620822A-03FF-45BA-B8F9-8D324D33FAAF}.Debug|Any CPU.ActiveCfg = Debug|Any CPU
		{9620822A-03FF-45BA-B8F9-8D324D33FAAF}.Debug|Any CPU.Build.0 = Debug|Any CPU
		{9620822A-03FF-45BA-B8F9-8D324D33FAAF}.Release|Any CPU.ActiveCfg = Release|Any CPU
		{9620822A-03FF-45BA-B8F9-8D324D33FAAF}.Release|Any CPU.Build.0 = Release|Any CPU
		{23A111F6-B96E-4876-8654-63A61D3C09E8}.Debug|Any CPU.ActiveCfg = Debug|Any CPU
		{23A111F6-B96E-4876-8654-63A61D3C09E8}.Debug|Any CPU.Build.0 = Debug|Any CPU
		{23A111F6-B96E-4876-8654-63A61D3C09E8}.Release|Any CPU.ActiveCfg = Release|Any CPU
		{23A111F6-B96E-4876-8654-63A61D3C09E8}.Release|Any CPU.Build.0 = Release|Any CPU
		{30D58577-2497-4681-9695-58415AA1C2A2}.Debug|Any CPU.ActiveCfg = Debug|Any CPU
		{30D58577-2497-4681-9695-58415AA1C2A2}.Debug|Any CPU.Build.0 = Debug|Any CPU
		{30D58577-2497-4681-9695-58415AA1C2A2}.Release|Any CPU.ActiveCfg = Release|Any CPU
		{30D58577-2497-4681-9695-58415AA1C2A2}.Release|Any CPU.Build.0 = Release|Any CPU
	EndGlobalSection
	GlobalSection(SolutionProperties) = preSolution
		HideSolutionNode = FALSE
	EndGlobalSection
	GlobalSection(ExtensibilityGlobals) = postSolution
		SolutionGuid = {82EDD089-4504-44E3-940E-77F6FAB54FB3}
	EndGlobalSection
EndGlobal
