
Microsoft Visual Studio Solution File, Format Version 12.00
# Visual Studio Version 17
VisualStudioVersion = 17.13.35825.156 d17.13
MinimumVisualStudioVersion = 10.0.40219.1
Project("{FAE04EC0-301F-11D3-BF4B-00C04F79EFBC}") = "AlvaradoSaravia_01", "AlvaradoSaravia_01\AlvaradoSaravia_01.csproj", "{7002FB5E-A2C8-421F-9D6C-697FE45E2466}"
EndProject
Project("{FAE04EC0-301F-11D3-BF4B-00C04F79EFBC}") = "AlvaradoSaravia_02", "AlvaradoSaravia_02\AlvaradoSaravia_02.csproj", "{C770FB18-7153-4149-9B45-36F1BC44B9AB}"
EndProject
Global
	GlobalSection(SolutionConfigurationPlatforms) = preSolution
		Debug|Any CPU = Debug|Any CPU
		Release|Any CPU = Release|Any CPU
	EndGlobalSection
	GlobalSection(ProjectConfigurationPlatforms) = postSolution
		{7002FB5E-A2C8-421F-9D6C-697FE45E2466}.Debug|Any CPU.ActiveCfg = Debug|Any CPU
		{7002FB5E-A2C8-421F-9D6C-697FE45E2466}.Debug|Any CPU.Build.0 = Debug|Any CPU
		{7002FB5E-A2C8-421F-9D6C-697FE45E2466}.Release|Any CPU.ActiveCfg = Release|Any CPU
		{7002FB5E-A2C8-421F-9D6C-697FE45E2466}.Release|Any CPU.Build.0 = Release|Any CPU
		{C770FB18-7153-4149-9B45-36F1BC44B9AB}.Debug|Any CPU.ActiveCfg = Debug|Any CPU
		{C770FB18-7153-4149-9B45-36F1BC44B9AB}.Debug|Any CPU.Build.0 = Debug|Any CPU
		{C770FB18-7153-4149-9B45-36F1BC44B9AB}.Release|Any CPU.ActiveCfg = Release|Any CPU
		{C770FB18-7153-4149-9B45-36F1BC44B9AB}.Release|Any CPU.Build.0 = Release|Any CPU
	EndGlobalSection
	GlobalSection(SolutionProperties) = preSolution
		HideSolutionNode = FALSE
	EndGlobalSection
	GlobalSection(ExtensibilityGlobals) = postSolution
		SolutionGuid = {41BCE19E-5D05-44DA-AF27-069E208B1EB3}
	EndGlobalSection
EndGlobal
